
Microsoft Visual Studio Solution File, Format Version 12.00
# Visual Studio Version 16
VisualStudioVersion = 16.0.29009.5
MinimumVisualStudioVersion = 10.0.40219.1
Project("{FAE04EC0-301F-11D3-BF4B-00C04F79EFBC}") = "ODD_Project", "ODD_Project\ODD_Project.csproj", "{0BD56304-B916-4092-84FC-DB6440C1F89E}"
EndProject
Project("{FAE04EC0-301F-11D3-BF4B-00C04F79EFBC}") = "DataManagement", "DataManagement\DataManagement.csproj", "{4FDF3A59-3534-4FA9-9055-712BBAC07CBC}"
EndProject
Project("{FAE04EC0-301F-11D3-BF4B-00C04F79EFBC}") = "JSON", "JSON\JSON.csproj", "{ED58BAE9-8B28-4657-B878-9E29DDE84BF3}"
EndProject
Global
	GlobalSection(SolutionConfigurationPlatforms) = preSolution
		Debug|Any CPU = Debug|Any CPU
		Release|Any CPU = Release|Any CPU
	EndGlobalSection
	GlobalSection(ProjectConfigurationPlatforms) = postSolution
		{0BD56304-B916-4092-84FC-DB6440C1F89E}.Debug|Any CPU.ActiveCfg = Debug|Any CPU
		{0BD56304-B916-4092-84FC-DB6440C1F89E}.Debug|Any CPU.Build.0 = Debug|Any CPU
		{0BD56304-B916-4092-84FC-DB6440C1F89E}.Release|Any CPU.ActiveCfg = Release|Any CPU
		{0BD56304-B916-4092-84FC-DB6440C1F89E}.Release|Any CPU.Build.0 = Release|Any CPU
		{4FDF3A59-3534-4FA9-9055-712BBAC07CBC}.Debug|Any CPU.ActiveCfg = Debug|Any CPU
		{4FDF3A59-3534-4FA9-9055-712BBAC07CBC}.Debug|Any CPU.Build.0 = Debug|Any CPU
		{4FDF3A59-3534-4FA9-9055-712BBAC07CBC}.Release|Any CPU.ActiveCfg = Release|Any CPU
		{4FDF3A59-3534-4FA9-9055-712BBAC07CBC}.Release|Any CPU.Build.0 = Release|Any CPU
		{ED58BAE9-8B28-4657-B878-9E29DDE84BF3}.Debug|Any CPU.ActiveCfg = Debug|Any CPU
		{ED58BAE9-8B28-4657-B878-9E29DDE84BF3}.Debug|Any CPU.Build.0 = Debug|Any CPU
		{ED58BAE9-8B28-4657-B878-9E29DDE84BF3}.Release|Any CPU.ActiveCfg = Release|Any CPU
		{ED58BAE9-8B28-4657-B878-9E29DDE84BF3}.Release|Any CPU.Build.0 = Release|Any CPU
	EndGlobalSection
	GlobalSection(SolutionProperties) = preSolution
		HideSolutionNode = FALSE
	EndGlobalSection
	GlobalSection(ExtensibilityGlobals) = postSolution
		SolutionGuid = {3B3A0EF8-4D71-423D-9B07-C45B821BFDDD}
	EndGlobalSection
EndGlobal
